
Microsoft Visual Studio Solution File, Format Version 12.00
# Visual Studio for Mac
Project("{FAE04EC0-301F-11D3-BF4B-00C04F79EFBC}") = "Assembly-CSharp", "Assembly-CSharp.csproj", "{9131A0B2-3965-C0BC-7921-326BE04E1BAA}"
EndProject
Project("{FAE04EC0-301F-11D3-BF4B-00C04F79EFBC}") = "Assembly-CSharp-firstpass", "Assembly-CSharp-firstpass.csproj", "{CED071D6-7178-617E-0FAB-B72B02E1049B}"
EndProject
Global
	GlobalSection(SolutionConfigurationPlatforms) = preSolution
		Debug|Any CPU = Debug|Any CPU
		Release|Any CPU = Release|Any CPU
	EndGlobalSection
	GlobalSection(ProjectConfigurationPlatforms) = postSolution
		{9131A0B2-3965-C0BC-7921-326BE04E1BAA}.Debug|Any CPU.ActiveCfg = Debug|Any CPU
		{9131A0B2-3965-C0BC-7921-326BE04E1BAA}.Debug|Any CPU.Build.0 = Debug|Any CPU
		{9131A0B2-3965-C0BC-7921-326BE04E1BAA}.Release|Any CPU.ActiveCfg = Release|Any CPU
		{9131A0B2-3965-C0BC-7921-326BE04E1BAA}.Release|Any CPU.Build.0 = Release|Any CPU
		{CED071D6-7178-617E-0FAB-B72B02E1049B}.Debug|Any CPU.ActiveCfg = Debug|Any CPU
		{CED071D6-7178-617E-0FAB-B72B02E1049B}.Debug|Any CPU.Build.0 = Debug|Any CPU
		{CED071D6-7178-617E-0FAB-B72B02E1049B}.Release|Any CPU.ActiveCfg = Release|Any CPU
		{CED071D6-7178-617E-0FAB-B72B02E1049B}.Release|Any CPU.Build.0 = Release|Any CPU
	EndGlobalSection
	GlobalSection(SolutionProperties) = preSolution
		HideSolutionNode = FALSE
	EndGlobalSection
EndGlobal
