
Microsoft Visual Studio Solution File, Format Version 12.00
# Visual Studio for Mac
Project("{FAE04EC0-301F-11D3-BF4B-00C04F79EFBC}") = "Assembly-CSharp-firstpass", "Assembly-CSharp-firstpass.csproj", "{E62CA3C3-72B3-CCDF-555F-E71470D07A15}"
EndProject
Project("{FAE04EC0-301F-11D3-BF4B-00C04F79EFBC}") = "Assembly-CSharp", "Assembly-CSharp.csproj", "{6C56BE42-A2A1-B1BA-D8A2-FDDD33F7AAA4}"
EndProject
Global
	GlobalSection(SolutionConfigurationPlatforms) = preSolution
		Debug|Any CPU = Debug|Any CPU
		Release|Any CPU = Release|Any CPU
	EndGlobalSection
	GlobalSection(ProjectConfigurationPlatforms) = postSolution
		{E62CA3C3-72B3-CCDF-555F-E71470D07A15}.Debug|Any CPU.ActiveCfg = Debug|Any CPU
		{E62CA3C3-72B3-CCDF-555F-E71470D07A15}.Debug|Any CPU.Build.0 = Debug|Any CPU
		{E62CA3C3-72B3-CCDF-555F-E71470D07A15}.Release|Any CPU.ActiveCfg = Release|Any CPU
		{E62CA3C3-72B3-CCDF-555F-E71470D07A15}.Release|Any CPU.Build.0 = Release|Any CPU
		{6C56BE42-A2A1-B1BA-D8A2-FDDD33F7AAA4}.Debug|Any CPU.ActiveCfg = Debug|Any CPU
		{6C56BE42-A2A1-B1BA-D8A2-FDDD33F7AAA4}.Debug|Any CPU.Build.0 = Debug|Any CPU
		{6C56BE42-A2A1-B1BA-D8A2-FDDD33F7AAA4}.Release|Any CPU.ActiveCfg = Release|Any CPU
		{6C56BE42-A2A1-B1BA-D8A2-FDDD33F7AAA4}.Release|Any CPU.Build.0 = Release|Any CPU
	EndGlobalSection
	GlobalSection(SolutionProperties) = preSolution
		HideSolutionNode = FALSE
	EndGlobalSection
EndGlobal
